
Microsoft Visual Studio Solution File, Format Version 11.00
# Visual Web Developer Express 2010
Project("{FAE04EC0-301F-11D3-BF4B-00C04F79EFBC}") = "Typeset.Web", "Typeset.Web\Typeset.Web.csproj", "{C1637CE9-CD3F-4F24-B274-DBB2376567B5}"
EndProject
Project("{FAE04EC0-301F-11D3-BF4B-00C04F79EFBC}") = "Typeset.Domain.Common", "Typeset.Domain.Common\Typeset.Domain.Common.csproj", "{6AAFE0E8-1FCD-452B-AD80-B603730BF06E}"
EndProject
Project("{FAE04EC0-301F-11D3-BF4B-00C04F79EFBC}") = "Typeset.Domain.Markup", "Typeset.Domain.Markup\Typeset.Domain.Markup.csproj", "{296DE20C-5F17-4509-9F81-0AE2031F3B8F}"
EndProject
Project("{FAE04EC0-301F-11D3-BF4B-00C04F79EFBC}") = "Typeset.Domain.Configuration", "Typeset.Domain.Configuration\Typeset.Domain.Configuration.csproj", "{6DC3BCEB-89E2-4127-AECE-5AA887A471A6}"
EndProject
Project("{FAE04EC0-301F-11D3-BF4B-00C04F79EFBC}") = "Typeset.Domain.FrontMatter", "Typeset.Domain.FrontMatter\Typeset.Domain.FrontMatter.csproj", "{D0018890-42AA-4AD6-A441-CBBC2B132964}"
EndProject
Project("{FAE04EC0-301F-11D3-BF4B-00C04F79EFBC}") = "Typeset.Domain.Layout", "Typeset.Domain.Layout\Typeset.Domain.Layout.csproj", "{9206775B-DE0A-4E31-90FF-09B265B6E4C1}"
EndProject
Project("{FAE04EC0-301F-11D3-BF4B-00C04F79EFBC}") = "Typeset.Web.CoffeeScript", "Typeset.Web.CoffeeScript\Typeset.Web.CoffeeScript.csproj", "{AE26FA1A-6DCF-4523-A5B6-571D115E802D}"
EndProject
Project("{FAE04EC0-301F-11D3-BF4B-00C04F79EFBC}") = "Typeset.Web.Less", "Typeset.Web.Less\Typeset.Web.Less.csproj", "{E967771C-4971-440E-98CF-C820CFFE3139}"
EndProject
Project("{FAE04EC0-301F-11D3-BF4B-00C04F79EFBC}") = "Typeset.Web.Sass", "Typeset.Web.Sass\Typeset.Web.Sass.csproj", "{92505096-B544-4C4A-BD94-050F66AD7070}"
EndProject
Project("{FAE04EC0-301F-11D3-BF4B-00C04F79EFBC}") = "Typeset.Domain.Git", "Typeset.Domain.Git\Typeset.Domain.Git.csproj", "{03C54E04-FC6A-490C-B893-7DEAEAB124FF}"
EndProject
Project("{FAE04EC0-301F-11D3-BF4B-00C04F79EFBC}") = "Typeset.Web.Configuration", "Typeset.Web.Configuration\Typeset.Web.Configuration.csproj", "{239CA1DE-F4E8-4DEC-B3A2-92257B8138DB}"
EndProject
Project("{FAE04EC0-301F-11D3-BF4B-00C04F79EFBC}") = "Typeset.Domain.Repository", "Typeset.Domain.Repository\Typeset.Domain.Repository.csproj", "{3F88B23D-56C6-4EED-9521-D0F335084CF6}"
EndProject
Global
	GlobalSection(SolutionConfigurationPlatforms) = preSolution
		Debug|Any CPU = Debug|Any CPU
		Release|Any CPU = Release|Any CPU
	EndGlobalSection
	GlobalSection(ProjectConfigurationPlatforms) = postSolution
		{C1637CE9-CD3F-4F24-B274-DBB2376567B5}.Debug|Any CPU.ActiveCfg = Debug|Any CPU
		{C1637CE9-CD3F-4F24-B274-DBB2376567B5}.Debug|Any CPU.Build.0 = Debug|Any CPU
		{C1637CE9-CD3F-4F24-B274-DBB2376567B5}.Release|Any CPU.ActiveCfg = Release|Any CPU
		{C1637CE9-CD3F-4F24-B274-DBB2376567B5}.Release|Any CPU.Build.0 = Release|Any CPU
		{6AAFE0E8-1FCD-452B-AD80-B603730BF06E}.Debug|Any CPU.ActiveCfg = Debug|Any CPU
		{6AAFE0E8-1FCD-452B-AD80-B603730BF06E}.Debug|Any CPU.Build.0 = Debug|Any CPU
		{6AAFE0E8-1FCD-452B-AD80-B603730BF06E}.Release|Any CPU.ActiveCfg = Release|Any CPU
		{6AAFE0E8-1FCD-452B-AD80-B603730BF06E}.Release|Any CPU.Build.0 = Release|Any CPU
		{296DE20C-5F17-4509-9F81-0AE2031F3B8F}.Debug|Any CPU.ActiveCfg = Debug|Any CPU
		{296DE20C-5F17-4509-9F81-0AE2031F3B8F}.Debug|Any CPU.Build.0 = Debug|Any CPU
		{296DE20C-5F17-4509-9F81-0AE2031F3B8F}.Release|Any CPU.ActiveCfg = Release|Any CPU
		{296DE20C-5F17-4509-9F81-0AE2031F3B8F}.Release|Any CPU.Build.0 = Release|Any CPU
		{6DC3BCEB-89E2-4127-AECE-5AA887A471A6}.Debug|Any CPU.ActiveCfg = Debug|Any CPU
		{6DC3BCEB-89E2-4127-AECE-5AA887A471A6}.Debug|Any CPU.Build.0 = Debug|Any CPU
		{6DC3BCEB-89E2-4127-AECE-5AA887A471A6}.Release|Any CPU.ActiveCfg = Release|Any CPU
		{6DC3BCEB-89E2-4127-AECE-5AA887A471A6}.Release|Any CPU.Build.0 = Release|Any CPU
		{D0018890-42AA-4AD6-A441-CBBC2B132964}.Debug|Any CPU.ActiveCfg = Debug|Any CPU
		{D0018890-42AA-4AD6-A441-CBBC2B132964}.Debug|Any CPU.Build.0 = Debug|Any CPU
		{D0018890-42AA-4AD6-A441-CBBC2B132964}.Release|Any CPU.ActiveCfg = Release|Any CPU
		{D0018890-42AA-4AD6-A441-CBBC2B132964}.Release|Any CPU.Build.0 = Release|Any CPU
		{9206775B-DE0A-4E31-90FF-09B265B6E4C1}.Debug|Any CPU.ActiveCfg = Debug|Any CPU
		{9206775B-DE0A-4E31-90FF-09B265B6E4C1}.Debug|Any CPU.Build.0 = Debug|Any CPU
		{9206775B-DE0A-4E31-90FF-09B265B6E4C1}.Release|Any CPU.ActiveCfg = Release|Any CPU
		{9206775B-DE0A-4E31-90FF-09B265B6E4C1}.Release|Any CPU.Build.0 = Release|Any CPU
		{AE26FA1A-6DCF-4523-A5B6-571D115E802D}.Debug|Any CPU.ActiveCfg = Debug|Any CPU
		{AE26FA1A-6DCF-4523-A5B6-571D115E802D}.Debug|Any CPU.Build.0 = Debug|Any CPU
		{AE26FA1A-6DCF-4523-A5B6-571D115E802D}.Release|Any CPU.ActiveCfg = Release|Any CPU
		{AE26FA1A-6DCF-4523-A5B6-571D115E802D}.Release|Any CPU.Build.0 = Release|Any CPU
		{E967771C-4971-440E-98CF-C820CFFE3139}.Debug|Any CPU.ActiveCfg = Debug|Any CPU
		{E967771C-4971-440E-98CF-C820CFFE3139}.Debug|Any CPU.Build.0 = Debug|Any CPU
		{E967771C-4971-440E-98CF-C820CFFE3139}.Release|Any CPU.ActiveCfg = Release|Any CPU
		{E967771C-4971-440E-98CF-C820CFFE3139}.Release|Any CPU.Build.0 = Release|Any CPU
		{92505096-B544-4C4A-BD94-050F66AD7070}.Debug|Any CPU.ActiveCfg = Debug|Any CPU
		{92505096-B544-4C4A-BD94-050F66AD7070}.Debug|Any CPU.Build.0 = Debug|Any CPU
		{92505096-B544-4C4A-BD94-050F66AD7070}.Release|Any CPU.ActiveCfg = Release|Any CPU
		{92505096-B544-4C4A-BD94-050F66AD7070}.Release|Any CPU.Build.0 = Release|Any CPU
		{03C54E04-FC6A-490C-B893-7DEAEAB124FF}.Debug|Any CPU.ActiveCfg = Debug|Any CPU
		{03C54E04-FC6A-490C-B893-7DEAEAB124FF}.Debug|Any CPU.Build.0 = Debug|Any CPU
		{03C54E04-FC6A-490C-B893-7DEAEAB124FF}.Release|Any CPU.ActiveCfg = Release|Any CPU
		{03C54E04-FC6A-490C-B893-7DEAEAB124FF}.Release|Any CPU.Build.0 = Release|Any CPU
		{239CA1DE-F4E8-4DEC-B3A2-92257B8138DB}.Debug|Any CPU.ActiveCfg = Debug|Any CPU
		{239CA1DE-F4E8-4DEC-B3A2-92257B8138DB}.Debug|Any CPU.Build.0 = Debug|Any CPU
		{239CA1DE-F4E8-4DEC-B3A2-92257B8138DB}.Release|Any CPU.ActiveCfg = Release|Any CPU
		{239CA1DE-F4E8-4DEC-B3A2-92257B8138DB}.Release|Any CPU.Build.0 = Release|Any CPU
		{3F88B23D-56C6-4EED-9521-D0F335084CF6}.Debug|Any CPU.ActiveCfg = Debug|Any CPU
		{3F88B23D-56C6-4EED-9521-D0F335084CF6}.Debug|Any CPU.Build.0 = Debug|Any CPU
		{3F88B23D-56C6-4EED-9521-D0F335084CF6}.Release|Any CPU.ActiveCfg = Release|Any CPU
		{3F88B23D-56C6-4EED-9521-D0F335084CF6}.Release|Any CPU.Build.0 = Release|Any CPU
	EndGlobalSection
	GlobalSection(SolutionProperties) = preSolution
		HideSolutionNode = FALSE
	EndGlobalSection
EndGlobal
